
Microsoft Visual Studio Solution File, Format Version 9.00
# Visual Studio 2005
Project("{8BC9CEB8-8B4A-11D0-8D11-00A0C91BC942}") = "Posts", "Posts.vcproj", "{3CEEEE6A-7C3D-4B86-99BA-88A6C074D40B}"
EndProject
Global
	GlobalSection(SolutionConfigurationPlatforms) = preSolution
		Debug|Win32 = Debug|Win32
		Release|Win32 = Release|Win32
		UNICODE Debug|Win32 = UNICODE Debug|Win32
		UNICODE Release|Win32 = UNICODE Release|Win32
	EndGlobalSection
	GlobalSection(ProjectConfigurationPlatforms) = postSolution
		{3CEEEE6A-7C3D-4B86-99BA-88A6C074D40B}.Debug|Win32.ActiveCfg = Debug|Win32
		{3CEEEE6A-7C3D-4B86-99BA-88A6C074D40B}.Debug|Win32.Build.0 = Debug|Win32
		{3CEEEE6A-7C3D-4B86-99BA-88A6C074D40B}.Release|Win32.ActiveCfg = Release|Win32
		{3CEEEE6A-7C3D-4B86-99BA-88A6C074D40B}.Release|Win32.Build.0 = Release|Win32
		{3CEEEE6A-7C3D-4B86-99BA-88A6C074D40B}.UNICODE Debug|Win32.ActiveCfg = UNICODE Debug|Win32
		{3CEEEE6A-7C3D-4B86-99BA-88A6C074D40B}.UNICODE Debug|Win32.Build.0 = UNICODE Debug|Win32
		{3CEEEE6A-7C3D-4B86-99BA-88A6C074D40B}.UNICODE Release|Win32.ActiveCfg = UNICODE Release|Win32
		{3CEEEE6A-7C3D-4B86-99BA-88A6C074D40B}.UNICODE Release|Win32.Build.0 = UNICODE Release|Win32
	EndGlobalSection
	GlobalSection(SolutionProperties) = preSolution
		HideSolutionNode = FALSE
	EndGlobalSection
EndGlobal
